{
  "name": "education-provider-registry-data",
  "lockfileVersion": 3,
  "requires": true,
  "packages": {
    "": {
      "dependencies": {
        "@microsoft/azure-data-factory-utilities": "^1.0.3",
        "commander": "^15.0.0"
      }
    },
    "node_modules/@microsoft/azure-data-factory-utilities": {
      "version": "1.0.3",
      "resolved": "https://registry.npmjs.org/@microsoft/azure-data-factory-utilities/-/azure-data-factory-utilities-1.0.3.tgz",
      "integrity": "sha512-19MViiWvcTjZJ0ccrsx3iVML1p5qzYSSqmYYkf6tbr2YtcwMGtmCE/3TwvJtVjweNhjJoIwzU9rh/gHrQiHAGA==",
      "license": "MIT",
      "dependencies": {
        "commander": "6.2.0"
      }
    },
    "node_modules/@microsoft/azure-data-factory-utilities/node_modules/commander": {
      "version": "6.2.0",
      "resolved": "https://registry.npmjs.org/commander/-/commander-6.2.0.tgz",
      "integrity": "sha512-zP4jEKbe8SHzKJYQmq8Y9gYjtO/POJLgIdKgV7B9qNmABVFVc+ctqSX6iXh4mCpJfRBOabiZ2YKPg8ciDw6C+Q==",
      "license": "MIT",
      "engines": {
        "node": ">= 6"
      }
    },
    "node_modules/commander": {
      "version": "15.0.0",
      "resolved": "https://registry.npmjs.org/commander/-/commander-15.0.0.tgz",
      "integrity": "sha512-z67u4ZhzCL/Tydu1lJARtEZYWbWaN7oYLHbsuzocr6y4N6WZAagG3RQ4FW61V1/0+jImpj293XfrcYnd1qxtPg==",
      "license": "MIT",
      "engines": {
        "node": ">=22.12.0"
      }
    }
  }
}
